
Microsoft Visual Studio Solution File, Format Version 12.00
# Visual Studio Version 17
VisualStudioVersion = 17.4.33213.308
MinimumVisualStudioVersion = 10.0.40219.1
Project("{FAE04EC0-301F-11D3-BF4B-00C04F79EFBC}") = "testwindowsforms", "..\testwindowsforms\testwindowsforms.csproj", "{3410C29A-910E-4178-A728-86FEC60353DD}"
EndProject
Global
	GlobalSection(SolutionConfigurationPlatforms) = preSolution
		Debug|Any CPU = Debug|Any CPU
		Release|Any CPU = Release|Any CPU
	EndGlobalSection
	GlobalSection(ProjectConfigurationPlatforms) = postSolution
		{3410C29A-910E-4178-A728-86FEC60353DD}.Debug|Any CPU.ActiveCfg = Debug|Any CPU
		{3410C29A-910E-4178-A728-86FEC60353DD}.Debug|Any CPU.Build.0 = Debug|Any CPU
		{3410C29A-910E-4178-A728-86FEC60353DD}.Release|Any CPU.ActiveCfg = Release|Any CPU
		{3410C29A-910E-4178-A728-86FEC60353DD}.Release|Any CPU.Build.0 = Release|Any CPU
	EndGlobalSection
	GlobalSection(SolutionProperties) = preSolution
		HideSolutionNode = FALSE
	EndGlobalSection
	GlobalSection(ExtensibilityGlobals) = postSolution
		SolutionGuid = {D3F905D7-5623-4604-82D6-E24F2D6DB688}
	EndGlobalSection
EndGlobal
